
Microsoft Visual Studio Solution File, Format Version 12.00
# Visual Studio Version 16
VisualStudioVersion = 16.0.34031.81
MinimumVisualStudioVersion = 10.0.40219.1
Project("{FAE04EC0-301F-11D3-BF4B-00C04F79EFBC}") = "Shomvob", "Shomvob\Shomvob.csproj", "{B1CBD95A-A60E-48C8-BF53-B1296610A760}"
EndProject
Global
	GlobalSection(SolutionConfigurationPlatforms) = preSolution
		Debug|Any CPU = Debug|Any CPU
		Release|Any CPU = Release|Any CPU
	EndGlobalSection
	GlobalSection(ProjectConfigurationPlatforms) = postSolution
		{B1CBD95A-A60E-48C8-BF53-B1296610A760}.Debug|Any CPU.ActiveCfg = Debug|Any CPU
		{B1CBD95A-A60E-48C8-BF53-B1296610A760}.Debug|Any CPU.Build.0 = Debug|Any CPU
		{B1CBD95A-A60E-48C8-BF53-B1296610A760}.Release|Any CPU.ActiveCfg = Release|Any CPU
		{B1CBD95A-A60E-48C8-BF53-B1296610A760}.Release|Any CPU.Build.0 = Release|Any CPU
	EndGlobalSection
	GlobalSection(SolutionProperties) = preSolution
		HideSolutionNode = FALSE
	EndGlobalSection
	GlobalSection(ExtensibilityGlobals) = postSolution
		SolutionGuid = {50D1C646-B883-4CC6-A0D0-3A03428EAF64}
	EndGlobalSection
EndGlobal
